// !$*UTF8*$!
{
	archiveVersion = 1;
	classes = {
	};
	objectVersion = 56;
	objects = {

/* Begin PBXBuildFile section */
		222345502F23BE86004E63C3 /* AppDelegate.swift in Sources */ = {isa = PBXBuildFile; fileRef = 2223454F2F23BE86004E63C3 /* AppDelegate.swift */; };
		222345522F23BE86004E63C3 /* SceneDelegate.swift in Sources */ = {isa = PBXBuildFile; fileRef = 222345512F23BE86004E63C3 /* SceneDelegate.swift */; };
		222345572F23BE86004E63C3 /* Main.storyboard in Resources */ = {isa = PBXBuildFile; fileRef = 222345552F23BE86004E63C3 /* Main.storyboard */; };
		2223455A2F23BE86004E63C3 /* ProductsApp.xcdatamodeld in Sources */ = {isa = PBXBuildFile; fileRef = 222345582F23BE86004E63C3 /* ProductsApp.xcdatamodeld */; };
		2223455C2F23BE88004E63C3 /* Assets.xcassets in Resources */ = {isa = PBXBuildFile; fileRef = 2223455B2F23BE88004E63C3 /* Assets.xcassets */; };
		2223455F2F23BE88004E63C3 /* LaunchScreen.storyboard in Resources */ = {isa = PBXBuildFile; fileRef = 2223455D2F23BE88004E63C3 /* LaunchScreen.storyboard */; };
		2223456B2F23BE88004E63C3 /* ProductsAppTests.swift in Sources */ = {isa = PBXBuildFile; fileRef = 2223456A2F23BE88004E63C3 /* ProductsAppTests.swift */; };
		222345752F23BE88004E63C3 /* ProductsAppUITests.swift in Sources */ = {isa = PBXBuildFile; fileRef = 222345742F23BE88004E63C3 /* ProductsAppUITests.swift */; };
		222345772F23BE88004E63C3 /* ProductsAppUITestsLaunchTests.swift in Sources */ = {isa = PBXBuildFile; fileRef = 222345762F23BE88004E63C3 /* ProductsAppUITestsLaunchTests.swift */; };
		2223458F2F23C596004E63C3 /* APIConstants.swift in Sources */ = {isa = PBXBuildFile; fileRef = 2223458E2F23C596004E63C3 /* APIConstants.swift */; };
		222345912F23C622004E63C3 /* NetworkError.swift in Sources */ = {isa = PBXBuildFile; fileRef = 222345902F23C622004E63C3 /* NetworkError.swift */; };
		222345932F23C6BD004E63C3 /* APIClient.swift in Sources */ = {isa = PBXBuildFile; fileRef = 222345922F23C6BD004E63C3 /* APIClient.swift */; };
		222345952F23C872004E63C3 /* NetworkService.swift in Sources */ = {isa = PBXBuildFile; fileRef = 222345942F23C872004E63C3 /* NetworkService.swift */; };
		222345972F23C88D004E63C3 /* Product.swift in Sources */ = {isa = PBXBuildFile; fileRef = 222345962F23C88D004E63C3 /* Product.swift */; };
		22252FFD2F25889A0091DD68 /* MockAPIClient.swift in Sources */ = {isa = PBXBuildFile; fileRef = 22252FFC2F25889A0091DD68 /* MockAPIClient.swift */; };
		22252FFF2F2588D60091DD68 /* NetworkServiceTests.swift in Sources */ = {isa = PBXBuildFile; fileRef = 22252FFE2F2588D60091DD68 /* NetworkServiceTests.swift */; };
		227037782F27AC8A00A0745C /* ProductsViewController.swift in Sources */ = {isa = PBXBuildFile; fileRef = 227037772F27AC8A00A0745C /* ProductsViewController.swift */; };
		2270377B2F27AF8900A0745C /* ProductCellView.swift in Sources */ = {isa = PBXBuildFile; fileRef = 227037792F27AF8900A0745C /* ProductCellView.swift */; };
		2270377C2F27AF8900A0745C /* ProductCellView.xib in Resources */ = {isa = PBXBuildFile; fileRef = 2270377A2F27AF8900A0745C /* ProductCellView.xib */; };
		2270377F2F27B3AE00A0745C /* HeaderView.swift in Sources */ = {isa = PBXBuildFile; fileRef = 2270377D2F27B3AE00A0745C /* HeaderView.swift */; };
		22D35E402F28C09700DE9E24 /* CarouselCell.swift in Sources */ = {isa = PBXBuildFile; fileRef = 22D35E3F2F28C09700DE9E24 /* CarouselCell.swift */; };
		22D35E442F28CCC000DE9E24 /* DetailsViewController.swift in Sources */ = {isa = PBXBuildFile; fileRef = 22D35E432F28CCC000DE9E24 /* DetailsViewController.swift */; };
		22D35E472F28CD9300DE9E24 /* Consts.swift in Sources */ = {isa = PBXBuildFile; fileRef = 22D35E462F28CD9300DE9E24 /* Consts.swift */; };
		22D35E502F292ECD00DE9E24 /* ProductsListViewModel.swift in Sources */ = {isa = PBXBuildFile; fileRef = 22D35E4F2F292ECD00DE9E24 /* ProductsListViewModel.swift */; };
		22D35E532F29362500DE9E24 /* SDWebImage in Frameworks */ = {isa = PBXBuildFile; productRef = 22D35E522F29362500DE9E24 /* SDWebImage */; };
		22D35E552F29362500DE9E24 /* SDWebImageMapKit in Frameworks */ = {isa = PBXBuildFile; productRef = 22D35E542F29362500DE9E24 /* SDWebImageMapKit */; };
		22D35E582F294B9E00DE9E24 /* SkeletonView.swift in Sources */ = {isa = PBXBuildFile; fileRef = 22D35E572F294B9E00DE9E24 /* SkeletonView.swift */; };
		22D35E5B2F296D8800DE9E24 /* SkeletonView in Frameworks */ = {isa = PBXBuildFile; productRef = 22D35E5A2F296D8800DE9E24 /* SkeletonView */; };
/* End PBXBuildFile section */

/* Begin PBXContainerItemProxy section */
		222345672F23BE88004E63C3 /* PBXContainerItemProxy */ = {
			isa = PBXContainerItemProxy;
			containerPortal = 222345442F23BE86004E63C3 /* Project object */;
			proxyType = 1;
			remoteGlobalIDString = 2223454B2F23BE86004E63C3;
			remoteInfo = ProductsApp;
		};
		222345712F23BE88004E63C3 /* PBXContainerItemProxy */ = {
			isa = PBXContainerItemProxy;
			containerPortal = 222345442F23BE86004E63C3 /* Project object */;
			proxyType = 1;
			remoteGlobalIDString = 2223454B2F23BE86004E63C3;
			remoteInfo = ProductsApp;
		};
/* End PBXContainerItemProxy section */

/* Begin PBXFileReference section */
		2223454C2F23BE86004E63C3 /* ProductsApp.app */ = {isa = PBXFileReference; explicitFileType = wrapper.application; includeInIndex = 0; path = ProductsApp.app; sourceTree = BUILT_PRODUCTS_DIR; };
		2223454F2F23BE86004E63C3 /* AppDelegate.swift */ = {isa = PBXFileReference; lastKnownFileType = sourcecode.swift; path = AppDelegate.swift; sourceTree = "<group>"; };
		222345512F23BE86004E63C3 /* SceneDelegate.swift */ = {isa = PBXFileReference; lastKnownFileType = sourcecode.swift; path = SceneDelegate.swift; sourceTree = "<group>"; };
		222345562F23BE86004E63C3 /* Base */ = {isa = PBXFileReference; lastKnownFileType = file.storyboard; name = Base; path = Base.lproj/Main.storyboard; sourceTree = "<group>"; };
		222345592F23BE86004E63C3 /* ProductsApp.xcdatamodel */ = {isa = PBXFileReference; lastKnownFileType = wrapper.xcdatamodel; path = ProductsApp.xcdatamodel; sourceTree = "<group>"; };
		2223455B2F23BE88004E63C3 /* Assets.xcassets */ = {isa = PBXFileReference; lastKnownFileType = folder.assetcatalog; path = Assets.xcassets; sourceTree = "<group>"; };
		2223455E2F23BE88004E63C3 /* Base */ = {isa = PBXFileReference; lastKnownFileType = file.storyboard; name = Base; path = Base.lproj/LaunchScreen.storyboard; sourceTree = "<group>"; };
		222345602F23BE88004E63C3 /* ProductsApp.entitlements */ = {isa = PBXFileReference; lastKnownFileType = text.plist.entitlements; path = ProductsApp.entitlements; sourceTree = "<group>"; };
		222345612F23BE88004E63C3 /* Info.plist */ = {isa = PBXFileReference; lastKnownFileType = text.plist.xml; path = Info.plist; sourceTree = "<group>"; };
		222345662F23BE88004E63C3 /* ProductsAppTests.xctest */ = {isa = PBXFileReference; explicitFileType = wrapper.cfbundle; includeInIndex = 0; path = ProductsAppTests.xctest; sourceTree = BUILT_PRODUCTS_DIR; };
		2223456A2F23BE88004E63C3 /* ProductsAppTests.swift */ = {isa = PBXFileReference; lastKnownFileType = sourcecode.swift; path = ProductsAppTests.swift; sourceTree = "<group>"; };
		222345702F23BE88004E63C3 /* ProductsAppUITests.xctest */ = {isa = PBXFileReference; explicitFileType = wrapper.cfbundle; includeInIndex = 0; path = ProductsAppUITests.xctest; sourceTree = BUILT_PRODUCTS_DIR; };
		222345742F23BE88004E63C3 /* ProductsAppUITests.swift */ = {isa = PBXFileReference; lastKnownFileType = sourcecode.swift; path = ProductsAppUITests.swift; sourceTree = "<group>"; };
		222345762F23BE88004E63C3 /* ProductsAppUITestsLaunchTests.swift */ = {isa = PBXFileReference; lastKnownFileType = sourcecode.swift; path = ProductsAppUITestsLaunchTests.swift; sourceTree = "<group>"; };
		2223458E2F23C596004E63C3 /* APIConstants.swift */ = {isa = PBXFileReference; lastKnownFileType = sourcecode.swift; path = APIConstants.swift; sourceTree = "<group>"; };
		222345902F23C622004E63C3 /* NetworkError.swift */ = {isa = PBXFileReference; lastKnownFileType = sourcecode.swift; path = NetworkError.swift; sourceTree = "<group>"; };
		222345922F23C6BD004E63C3 /* APIClient.swift */ = {isa = PBXFileReference; lastKnownFileType = sourcecode.swift; path = APIClient.swift; sourceTree = "<group>"; };
		222345942F23C872004E63C3 /* NetworkService.swift */ = {isa = PBXFileReference; lastKnownFileType = sourcecode.swift; path = NetworkService.swift; sourceTree = "<group>"; };
		222345962F23C88D004E63C3 /* Product.swift */ = {isa = PBXFileReference; lastKnownFileType = sourcecode.swift; path = Product.swift; sourceTree = "<group>"; };
		22252FFC2F25889A0091DD68 /* MockAPIClient.swift */ = {isa = PBXFileReference; lastKnownFileType = sourcecode.swift; path = MockAPIClient.swift; sourceTree = "<group>"; };
		22252FFE2F2588D60091DD68 /* NetworkServiceTests.swift */ = {isa = PBXFileReference; lastKnownFileType = sourcecode.swift; path = NetworkServiceTests.swift; sourceTree = "<group>"; };
		227037772F27AC8A00A0745C /* ProductsViewController.swift */ = {isa = PBXFileReference; lastKnownFileType = sourcecode.swift; path = ProductsViewController.swift; sourceTree = "<group>"; };
		227037792F27AF8900A0745C /* ProductCellView.swift */ = {isa = PBXFileReference; lastKnownFileType = sourcecode.swift; path = ProductCellView.swift; sourceTree = "<group>"; };
		2270377A2F27AF8900A0745C /* ProductCellView.xib */ = {isa = PBXFileReference; lastKnownFileType = file.xib; path = ProductCellView.xib; sourceTree = "<group>"; };
		2270377D2F27B3AE00A0745C /* HeaderView.swift */ = {isa = PBXFileReference; lastKnownFileType = sourcecode.swift; path = HeaderView.swift; sourceTree = "<group>"; };
		22D35E3F2F28C09700DE9E24 /* CarouselCell.swift */ = {isa = PBXFileReference; lastKnownFileType = sourcecode.swift; path = CarouselCell.swift; sourceTree = "<group>"; };
		22D35E432F28CCC000DE9E24 /* DetailsViewController.swift */ = {isa = PBXFileReference; lastKnownFileType = sourcecode.swift; path = DetailsViewController.swift; sourceTree = "<group>"; };
		22D35E462F28CD9300DE9E24 /* Consts.swift */ = {isa = PBXFileReference; lastKnownFileType = sourcecode.swift; path = Consts.swift; sourceTree = "<group>"; };
		22D35E4F2F292ECD00DE9E24 /* ProductsListViewModel.swift */ = {isa = PBXFileReference; lastKnownFileType = sourcecode.swift; path = ProductsListViewModel.swift; sourceTree = "<group>"; };
		22D35E572F294B9E00DE9E24 /* SkeletonView.swift */ = {isa = PBXFileReference; lastKnownFileType = sourcecode.swift; path = SkeletonView.swift; sourceTree = "<group>"; };
/* End PBXFileReference section */

/* Begin PBXFrameworksBuildPhase section */
		222345492F23BE86004E63C3 /* Frameworks */ = {
			isa = PBXFrameworksBuildPhase;
			buildActionMask = 2147483647;
			files = (
				22D35E552F29362500DE9E24 /* SDWebImageMapKit in Frameworks */,
				22D35E5B2F296D8800DE9E24 /* SkeletonView in Frameworks */,
				22D35E532F29362500DE9E24 /* SDWebImage in Frameworks */,
			);
			runOnlyForDeploymentPostprocessing = 0;
		};
		222345632F23BE88004E63C3 /* Frameworks */ = {
			isa = PBXFrameworksBuildPhase;
			buildActionMask = 2147483647;
			files = (
			);
			runOnlyForDeploymentPostprocessing = 0;
		};
		2223456D2F23BE88004E63C3 /* Frameworks */ = {
			isa = PBXFrameworksBuildPhase;
			buildActionMask = 2147483647;
			files = (
			);
			runOnlyForDeploymentPostprocessing = 0;
		};
/* End PBXFrameworksBuildPhase section */

/* Begin PBXGroup section */
		222345432F23BE86004E63C3 = {
			isa = PBXGroup;
			children = (
				2223454E2F23BE86004E63C3 /* ProductsApp */,
				222345692F23BE88004E63C3 /* ProductsAppTests */,
				222345732F23BE88004E63C3 /* ProductsAppUITests */,
				2223454D2F23BE86004E63C3 /* Products */,
			);
			sourceTree = "<group>";
		};
		2223454D2F23BE86004E63C3 /* Products */ = {
			isa = PBXGroup;
			children = (
				2223454C2F23BE86004E63C3 /* ProductsApp.app */,
				222345662F23BE88004E63C3 /* ProductsAppTests.xctest */,
				222345702F23BE88004E63C3 /* ProductsAppUITests.xctest */,
			);
			name = Products;
			sourceTree = "<group>";
		};
		2223454E2F23BE86004E63C3 /* ProductsApp */ = {
			isa = PBXGroup;
			children = (
				22D35E4B2F28CEEA00DE9E24 /* Utils */,
				22D35E422F28CC6E00DE9E24 /* Resource */,
				22D35E412F28CC5800DE9E24 /* App */,
				2223458B2F23C438004E63C3 /* Data */,
				222345882F23C315004E63C3 /* Models */,
				222345872F23C30E004E63C3 /* ViewModel */,
				222345862F23C308004E63C3 /* Views */,
				222345602F23BE88004E63C3 /* ProductsApp.entitlements */,
				222345612F23BE88004E63C3 /* Info.plist */,
			);
			path = ProductsApp;
			sourceTree = "<group>";
		};
		222345692F23BE88004E63C3 /* ProductsAppTests */ = {
			isa = PBXGroup;
			children = (
				2223456A2F23BE88004E63C3 /* ProductsAppTests.swift */,
				22252FFC2F25889A0091DD68 /* MockAPIClient.swift */,
				22252FFE2F2588D60091DD68 /* NetworkServiceTests.swift */,
			);
			path = ProductsAppTests;
			sourceTree = "<group>";
		};
		222345732F23BE88004E63C3 /* ProductsAppUITests */ = {
			isa = PBXGroup;
			children = (
				222345742F23BE88004E63C3 /* ProductsAppUITests.swift */,
				222345762F23BE88004E63C3 /* ProductsAppUITestsLaunchTests.swift */,
			);
			path = ProductsAppUITests;
			sourceTree = "<group>";
		};
		222345862F23C308004E63C3 /* Views */ = {
			isa = PBXGroup;
			children = (
				22923C922F26481C00D1A921 /* DetailsView */,
				22923C912F26480600D1A921 /* ProductsView */,
				222345552F23BE86004E63C3 /* Main.storyboard */,
			);
			path = Views;
			sourceTree = "<group>";
		};
		222345872F23C30E004E63C3 /* ViewModel */ = {
			isa = PBXGroup;
			children = (
				22D35E4F2F292ECD00DE9E24 /* ProductsListViewModel.swift */,
			);
			path = ViewModel;
			sourceTree = "<group>";
		};
		222345882F23C315004E63C3 /* Models */ = {
			isa = PBXGroup;
			children = (
				222345962F23C88D004E63C3 /* Product.swift */,
			);
			path = Models;
			sourceTree = "<group>";
		};
		222345892F23C3EF004E63C3 /* Network */ = {
			isa = PBXGroup;
			children = (
				2223458E2F23C596004E63C3 /* APIConstants.swift */,
				222345902F23C622004E63C3 /* NetworkError.swift */,
				222345922F23C6BD004E63C3 /* APIClient.swift */,
				222345942F23C872004E63C3 /* NetworkService.swift */,
			);
			path = Network;
			sourceTree = "<group>";
		};
		2223458B2F23C438004E63C3 /* Data */ = {
			isa = PBXGroup;
			children = (
				2223458C2F23C44C004E63C3 /* Cache */,
				222345892F23C3EF004E63C3 /* Network */,
			);
			path = Data;
			sourceTree = "<group>";
		};
		2223458C2F23C44C004E63C3 /* Cache */ = {
			isa = PBXGroup;
			children = (
				222345582F23BE86004E63C3 /* ProductsApp.xcdatamodeld */,
			);
			path = Cache;
			sourceTree = "<group>";
		};
		22923C912F26480600D1A921 /* ProductsView */ = {
			isa = PBXGroup;
			children = (
				22923C9A2F2649EE00D1A921 /* Components */,
				227037772F27AC8A00A0745C /* ProductsViewController.swift */,
			);
			path = ProductsView;
			sourceTree = "<group>";
		};
		22923C922F26481C00D1A921 /* DetailsView */ = {
			isa = PBXGroup;
			children = (
				22D35E452F28CCC500DE9E24 /* Components */,
				22D35E432F28CCC000DE9E24 /* DetailsViewController.swift */,
			);
			path = DetailsView;
			sourceTree = "<group>";
		};
		22923C9A2F2649EE00D1A921 /* Components */ = {
			isa = PBXGroup;
			children = (
				227037792F27AF8900A0745C /* ProductCellView.swift */,
				2270377A2F27AF8900A0745C /* ProductCellView.xib */,
				2270377D2F27B3AE00A0745C /* HeaderView.swift */,
				22D35E3F2F28C09700DE9E24 /* CarouselCell.swift */,
			);
			path = Components;
			sourceTree = "<group>";
		};
		22D35E412F28CC5800DE9E24 /* App */ = {
			isa = PBXGroup;
			children = (
				222345512F23BE86004E63C3 /* SceneDelegate.swift */,
				2223454F2F23BE86004E63C3 /* AppDelegate.swift */,
			);
			path = App;
			sourceTree = "<group>";
		};
		22D35E422F28CC6E00DE9E24 /* Resource */ = {
			isa = PBXGroup;
			children = (
				2223455D2F23BE88004E63C3 /* LaunchScreen.storyboard */,
				2223455B2F23BE88004E63C3 /* Assets.xcassets */,
			);
			path = Resource;
			sourceTree = "<group>";
		};
		22D35E452F28CCC500DE9E24 /* Components */ = {
			isa = PBXGroup;
			children = (
			);
			path = Components;
			sourceTree = "<group>";
		};
		22D35E4B2F28CEEA00DE9E24 /* Utils */ = {
			isa = PBXGroup;
			children = (
				22D35E562F294B6C00DE9E24 /* CustomView */,
				22D35E462F28CD9300DE9E24 /* Consts.swift */,
			);
			path = Utils;
			sourceTree = "<group>";
		};
		22D35E562F294B6C00DE9E24 /* CustomView */ = {
			isa = PBXGroup;
			children = (
				22D35E572F294B9E00DE9E24 /* SkeletonView.swift */,
			);
			path = CustomView;
			sourceTree = "<group>";
		};
/* End PBXGroup section */

/* Begin PBXNativeTarget section */
		2223454B2F23BE86004E63C3 /* ProductsApp */ = {
			isa = PBXNativeTarget;
			buildConfigurationList = 2223457A2F23BE88004E63C3 /* Build configuration list for PBXNativeTarget "ProductsApp" */;
			buildPhases = (
				222345482F23BE86004E63C3 /* Sources */,
				222345492F23BE86004E63C3 /* Frameworks */,
				2223454A2F23BE86004E63C3 /* Resources */,
			);
			buildRules = (
			);
			dependencies = (
			);
			name = ProductsApp;
			packageProductDependencies = (
				22D35E522F29362500DE9E24 /* SDWebImage */,
				22D35E542F29362500DE9E24 /* SDWebImageMapKit */,
				22D35E5A2F296D8800DE9E24 /* SkeletonView */,
			);
			productName = ProductsApp;
			productReference = 2223454C2F23BE86004E63C3 /* ProductsApp.app */;
			productType = "com.apple.product-type.application";
		};
		222345652F23BE88004E63C3 /* ProductsAppTests */ = {
			isa = PBXNativeTarget;
			buildConfigurationList = 2223457D2F23BE88004E63C3 /* Build configuration list for PBXNativeTarget "ProductsAppTests" */;
			buildPhases = (
				222345622F23BE88004E63C3 /* Sources */,
				222345632F23BE88004E63C3 /* Frameworks */,
				222345642F23BE88004E63C3 /* Resources */,
			);
			buildRules = (
			);
			dependencies = (
				222345682F23BE88004E63C3 /* PBXTargetDependency */,
			);
			name = ProductsAppTests;
			productName = ProductsAppTests;
			productReference = 222345662F23BE88004E63C3 /* ProductsAppTests.xctest */;
			productType = "com.apple.product-type.bundle.unit-test";
		};
		2223456F2F23BE88004E63C3 /* ProductsAppUITests */ = {
			isa = PBXNativeTarget;
			buildConfigurationList = 222345802F23BE88004E63C3 /* Build configuration list for PBXNativeTarget "ProductsAppUITests" */;
			buildPhases = (
				2223456C2F23BE88004E63C3 /* Sources */,
				2223456D2F23BE88004E63C3 /* Frameworks */,
				2223456E2F23BE88004E63C3 /* Resources */,
			);
			buildRules = (
			);
			dependencies = (
				222345722F23BE88004E63C3 /* PBXTargetDependency */,
			);
			name = ProductsAppUITests;
			productName = ProductsAppUITests;
			productReference = 222345702F23BE88004E63C3 /* ProductsAppUITests.xctest */;
			productType = "com.apple.product-type.bundle.ui-testing";
		};
/* End PBXNativeTarget section */

/* Begin PBXProject section */
		222345442F23BE86004E63C3 /* Project object */ = {
			isa = PBXProject;
			attributes = {
				BuildIndependentTargetsInParallel = 1;
				LastSwiftUpdateCheck = 1500;
				LastUpgradeCheck = 1500;
				TargetAttributes = {
					2223454B2F23BE86004E63C3 = {
						CreatedOnToolsVersion = 15.0;
					};
					222345652F23BE88004E63C3 = {
						CreatedOnToolsVersion = 15.0;
						TestTargetID = 2223454B2F23BE86004E63C3;
					};
					2223456F2F23BE88004E63C3 = {
						CreatedOnToolsVersion = 15.0;
						TestTargetID = 2223454B2F23BE86004E63C3;
					};
				};
			};
			buildConfigurationList = 222345472F23BE86004E63C3 /* Build configuration list for PBXProject "ProductsApp" */;
			compatibilityVersion = "Xcode 14.0";
			developmentRegion = en;
			hasScannedForEncodings = 0;
			knownRegions = (
				en,
				Base,
			);
			mainGroup = 222345432F23BE86004E63C3;
			packageReferences = (
				22D35E512F29362500DE9E24 /* XCRemoteSwiftPackageReference "SDWebImage" */,
				22D35E592F296D8800DE9E24 /* XCRemoteSwiftPackageReference "SkeletonView" */,
			);
			productRefGroup = 2223454D2F23BE86004E63C3 /* Products */;
			projectDirPath = "";
			projectRoot = "";
			targets = (
				2223454B2F23BE86004E63C3 /* ProductsApp */,
				222345652F23BE88004E63C3 /* ProductsAppTests */,
				2223456F2F23BE88004E63C3 /* ProductsAppUITests */,
			);
		};
/* End PBXProject section */

/* Begin PBXResourcesBuildPhase section */
		2223454A2F23BE86004E63C3 /* Resources */ = {
			isa = PBXResourcesBuildPhase;
			buildActionMask = 2147483647;
			files = (
				2223455F2F23BE88004E63C3 /* LaunchScreen.storyboard in Resources */,
				2270377C2F27AF8900A0745C /* ProductCellView.xib in Resources */,
				2223455C2F23BE88004E63C3 /* Assets.xcassets in Resources */,
				222345572F23BE86004E63C3 /* Main.storyboard in Resources */,
			);
			runOnlyForDeploymentPostprocessing = 0;
		};
		222345642F23BE88004E63C3 /* Resources */ = {
			isa = PBXResourcesBuildPhase;
			buildActionMask = 2147483647;
			files = (
			);
			runOnlyForDeploymentPostprocessing = 0;
		};
		2223456E2F23BE88004E63C3 /* Resources */ = {
			isa = PBXResourcesBuildPhase;
			buildActionMask = 2147483647;
			files = (
			);
			runOnlyForDeploymentPostprocessing = 0;
		};
/* End PBXResourcesBuildPhase section */

/* Begin PBXSourcesBuildPhase section */
		222345482F23BE86004E63C3 /* Sources */ = {
			isa = PBXSourcesBuildPhase;
			buildActionMask = 2147483647;
			files = (
				222345932F23C6BD004E63C3 /* APIClient.swift in Sources */,
				222345972F23C88D004E63C3 /* Product.swift in Sources */,
				222345952F23C872004E63C3 /* NetworkService.swift in Sources */,
				2223458F2F23C596004E63C3 /* APIConstants.swift in Sources */,
				2223455A2F23BE86004E63C3 /* ProductsApp.xcdatamodeld in Sources */,
				227037782F27AC8A00A0745C /* ProductsViewController.swift in Sources */,
				2270377B2F27AF8900A0745C /* ProductCellView.swift in Sources */,
				222345912F23C622004E63C3 /* NetworkError.swift in Sources */,
				222345502F23BE86004E63C3 /* AppDelegate.swift in Sources */,
				222345522F23BE86004E63C3 /* SceneDelegate.swift in Sources */,
				22D35E402F28C09700DE9E24 /* CarouselCell.swift in Sources */,
				22D35E472F28CD9300DE9E24 /* Consts.swift in Sources */,
				22D35E442F28CCC000DE9E24 /* DetailsViewController.swift in Sources */,
				22D35E582F294B9E00DE9E24 /* SkeletonView.swift in Sources */,
				2270377F2F27B3AE00A0745C /* HeaderView.swift in Sources */,
				22D35E502F292ECD00DE9E24 /* ProductsListViewModel.swift in Sources */,
			);
			runOnlyForDeploymentPostprocessing = 0;
		};
		222345622F23BE88004E63C3 /* Sources */ = {
			isa = PBXSourcesBuildPhase;
			buildActionMask = 2147483647;
			files = (
				2223456B2F23BE88004E63C3 /* ProductsAppTests.swift in Sources */,
				22252FFF2F2588D60091DD68 /* NetworkServiceTests.swift in Sources */,
				22252FFD2F25889A0091DD68 /* MockAPIClient.swift in Sources */,
			);
			runOnlyForDeploymentPostprocessing = 0;
		};
		2223456C2F23BE88004E63C3 /* Sources */ = {
			isa = PBXSourcesBuildPhase;
			buildActionMask = 2147483647;
			files = (
				222345772F23BE88004E63C3 /* ProductsAppUITestsLaunchTests.swift in Sources */,
				222345752F23BE88004E63C3 /* ProductsAppUITests.swift in Sources */,
			);
			runOnlyForDeploymentPostprocessing = 0;
		};
/* End PBXSourcesBuildPhase section */

/* Begin PBXTargetDependency section */
		222345682F23BE88004E63C3 /* PBXTargetDependency */ = {
			isa = PBXTargetDependency;
			target = 2223454B2F23BE86004E63C3 /* ProductsApp */;
			targetProxy = 222345672F23BE88004E63C3 /* PBXContainerItemProxy */;
		};
		222345722F23BE88004E63C3 /* PBXTargetDependency */ = {
			isa = PBXTargetDependency;
			target = 2223454B2F23BE86004E63C3 /* ProductsApp */;
			targetProxy = 222345712F23BE88004E63C3 /* PBXContainerItemProxy */;
		};
/* End PBXTargetDependency section */

/* Begin PBXVariantGroup section */
		222345552F23BE86004E63C3 /* Main.storyboard */ = {
			isa = PBXVariantGroup;
			children = (
				222345562F23BE86004E63C3 /* Base */,
			);
			name = Main.storyboard;
			sourceTree = "<group>";
		};
		2223455D2F23BE88004E63C3 /* LaunchScreen.storyboard */ = {
			isa = PBXVariantGroup;
			children = (
				2223455E2F23BE88004E63C3 /* Base */,
			);
			name = LaunchScreen.storyboard;
			sourceTree = "<group>";
		};
/* End PBXVariantGroup section */

/* Begin XCBuildConfiguration section */
		222345782F23BE88004E63C3 /* Debug */ = {
			isa = XCBuildConfiguration;
			buildSettings = {
				ALWAYS_SEARCH_USER_PATHS = NO;
				ASSETCATALOG_COMPILER_GENERATE_SWIFT_ASSET_SYMBOL_EXTENSIONS = YES;
				CLANG_ANALYZER_NONNULL = YES;
				CLANG_ANALYZER_NUMBER_OBJECT_CONVERSION = YES_AGGRESSIVE;
				CLANG_CXX_LANGUAGE_STANDARD = "gnu++20";
				CLANG_ENABLE_MODULES = YES;
				CLANG_ENABLE_OBJC_ARC = YES;
				CLANG_ENABLE_OBJC_WEAK = YES;
				CLANG_WARN_BLOCK_CAPTURE_AUTORELEASING = YES;
				CLANG_WARN_BOOL_CONVERSION = YES;
				CLANG_WARN_COMMA = YES;
				CLANG_WARN_CONSTANT_CONVERSION = YES;
				CLANG_WARN_DEPRECATED_OBJC_IMPLEMENTATIONS = YES;
				CLANG_WARN_DIRECT_OBJC_ISA_USAGE = YES_ERROR;
				CLANG_WARN_DOCUMENTATION_COMMENTS = YES;
				CLANG_WARN_EMPTY_BODY = YES;
				CLANG_WARN_ENUM_CONVERSION = YES;
				CLANG_WARN_INFINITE_RECURSION = YES;
				CLANG_WARN_INT_CONVERSION = YES;
				CLANG_WARN_NON_LITERAL_NULL_CONVERSION = YES;
				CLANG_WARN_OBJC_IMPLICIT_RETAIN_SELF = YES;
				CLANG_WARN_OBJC_LITERAL_CONVERSION = YES;
				CLANG_WARN_OBJC_ROOT_CLASS = YES_ERROR;
				CLANG_WARN_QUOTED_INCLUDE_IN_FRAMEWORK_HEADER = YES;
				CLANG_WARN_RANGE_LOOP_ANALYSIS = YES;
				CLANG_WARN_STRICT_PROTOTYPES = YES;
				CLANG_WARN_SUSPICIOUS_MOVE = YES;
				CLANG_WARN_UNGUARDED_AVAILABILITY = YES_AGGRESSIVE;
				CLANG_WARN_UNREACHABLE_CODE = YES;
				CLANG_WARN__DUPLICATE_METHOD_MATCH = YES;
				COPY_PHASE_STRIP = NO;
				DEBUG_INFORMATION_FORMAT = dwarf;
				ENABLE_STRICT_OBJC_MSGSEND = YES;
				ENABLE_TESTABILITY = YES;
				ENABLE_USER_SCRIPT_SANDBOXING = YES;
				GCC_C_LANGUAGE_STANDARD = gnu17;
				GCC_DYNAMIC_NO_PIC = NO;
				GCC_NO_COMMON_BLOCKS = YES;
				GCC_OPTIMIZATION_LEVEL = 0;
				GCC_PREPROCESSOR_DEFINITIONS = (
					"DEBUG=1",
					"$(inherited)",
				);
				GCC_WARN_64_TO_32_BIT_CONVERSION = YES;
				GCC_WARN_ABOUT_RETURN_TYPE = YES_ERROR;
				GCC_WARN_UNDECLARED_SELECTOR = YES;
				GCC_WARN_UNINITIALIZED_AUTOS = YES_AGGRESSIVE;
				GCC_WARN_UNUSED_FUNCTION = YES;
				GCC_WARN_UNUSED_VARIABLE = YES;
				IPHONEOS_DEPLOYMENT_TARGET = 17.0;
				LOCALIZATION_PREFERS_STRING_CATALOGS = YES;
				MTL_ENABLE_DEBUG_INFO = INCLUDE_SOURCE;
				MTL_FAST_MATH = YES;
				ONLY_ACTIVE_ARCH = YES;
				SDKROOT = iphoneos;
				SWIFT_ACTIVE_COMPILATION_CONDITIONS = "DEBUG $(inherited)";
				SWIFT_OPTIMIZATION_LEVEL = "-Onone";
			};
			name = Debug;
		};
		222345792F23BE88004E63C3 /* Release */ = {
			isa = XCBuildConfiguration;
			buildSettings = {
				ALWAYS_SEARCH_USER_PATHS = NO;
				ASSETCATALOG_COMPILER_GENERATE_SWIFT_ASSET_SYMBOL_EXTENSIONS = YES;
				CLANG_ANALYZER_NONNULL = YES;
				CLANG_ANALYZER_NUMBER_OBJECT_CONVERSION = YES_AGGRESSIVE;
				CLANG_CXX_LANGUAGE_STANDARD = "gnu++20";
				CLANG_ENABLE_MODULES = YES;
				CLANG_ENABLE_OBJC_ARC = YES;
				CLANG_ENABLE_OBJC_WEAK = YES;
				CLANG_WARN_BLOCK_CAPTURE_AUTORELEASING = YES;
				CLANG_WARN_BOOL_CONVERSION = YES;
				CLANG_WARN_COMMA = YES;
				CLANG_WARN_CONSTANT_CONVERSION = YES;
				CLANG_WARN_DEPRECATED_OBJC_IMPLEMENTATIONS = YES;
				CLANG_WARN_DIRECT_OBJC_ISA_USAGE = YES_ERROR;
				CLANG_WARN_DOCUMENTATION_COMMENTS = YES;
				CLANG_WARN_EMPTY_BODY = YES;
				CLANG_WARN_ENUM_CONVERSION = YES;
				CLANG_WARN_INFINITE_RECURSION = YES;
				CLANG_WARN_INT_CONVERSION = YES;
				CLANG_WARN_NON_LITERAL_NULL_CONVERSION = YES;
				CLANG_WARN_OBJC_IMPLICIT_RETAIN_SELF = YES;
				CLANG_WARN_OBJC_LITERAL_CONVERSION = YES;
				CLANG_WARN_OBJC_ROOT_CLASS = YES_ERROR;
				CLANG_WARN_QUOTED_INCLUDE_IN_FRAMEWORK_HEADER = YES;
				CLANG_WARN_RANGE_LOOP_ANALYSIS = YES;
				CLANG_WARN_STRICT_PROTOTYPES = YES;
				CLANG_WARN_SUSPICIOUS_MOVE = YES;
				CLANG_WARN_UNGUARDED_AVAILABILITY = YES_AGGRESSIVE;
				CLANG_WARN_UNREACHABLE_CODE = YES;
				CLANG_WARN__DUPLICATE_METHOD_MATCH = YES;
				COPY_PHASE_STRIP = NO;
				DEBUG_INFORMATION_FORMAT = "dwarf-with-dsym";
				ENABLE_NS_ASSERTIONS = NO;
				ENABLE_STRICT_OBJC_MSGSEND = YES;
				ENABLE_USER_SCRIPT_SANDBOXING = YES;
				GCC_C_LANGUAGE_STANDARD = gnu17;
				GCC_NO_COMMON_BLOCKS = YES;
				GCC_WARN_64_TO_32_BIT_CONVERSION = YES;
				GCC_WARN_ABOUT_RETURN_TYPE = YES_ERROR;
				GCC_WARN_UNDECLARED_SELECTOR = YES;
				GCC_WARN_UNINITIALIZED_AUTOS = YES_AGGRESSIVE;
				GCC_WARN_UNUSED_FUNCTION = YES;
				GCC_WARN_UNUSED_VARIABLE = YES;
				IPHONEOS_DEPLOYMENT_TARGET = 17.0;
				LOCALIZATION_PREFERS_STRING_CATALOGS = YES;
				MTL_ENABLE_DEBUG_INFO = NO;
				MTL_FAST_MATH = YES;
				SDKROOT = iphoneos;
				SWIFT_COMPILATION_MODE = wholemodule;
				VALIDATE_PRODUCT = YES;
			};
			name = Release;
		};
		2223457B2F23BE88004E63C3 /* Debug */ = {
			isa = XCBuildConfiguration;
			buildSettings = {
				ASSETCATALOG_COMPILER_APPICON_NAME = AppIcon;
				ASSETCATALOG_COMPILER_GLOBAL_ACCENT_COLOR_NAME = AccentColor;
				CODE_SIGN_ENTITLEMENTS = ProductsApp/ProductsApp.entitlements;
				CODE_SIGN_STYLE = Automatic;
				CURRENT_PROJECT_VERSION = 1;
				GENERATE_INFOPLIST_FILE = YES;
				INFOPLIST_FILE = ProductsApp/Info.plist;
				INFOPLIST_KEY_UIApplicationSupportsIndirectInputEvents = YES;
				INFOPLIST_KEY_UILaunchStoryboardName = LaunchScreen;
				INFOPLIST_KEY_UIMainStoryboardFile = Main;
				INFOPLIST_KEY_UISupportedInterfaceOrientations_iPad = "UIInterfaceOrientationPortrait UIInterfaceOrientationPortraitUpsideDown UIInterfaceOrientationLandscapeLeft UIInterfaceOrientationLandscapeRight";
				INFOPLIST_KEY_UISupportedInterfaceOrientations_iPhone = "UIInterfaceOrientationPortrait UIInterfaceOrientationLandscapeLeft UIInterfaceOrientationLandscapeRight";
				LD_RUNPATH_SEARCH_PATHS = (
					"$(inherited)",
					"@executable_path/Frameworks",
				);
				MARKETING_VERSION = 1.0;
				PRODUCT_BUNDLE_IDENTIFIER = ITI.ProductsApp;
				PRODUCT_NAME = "$(TARGET_NAME)";
				SWIFT_EMIT_LOC_STRINGS = YES;
				SWIFT_VERSION = 5.0;
				TARGETED_DEVICE_FAMILY = "1,2";
			};
			name = Debug;
		};
		2223457C2F23BE88004E63C3 /* Release */ = {
			isa = XCBuildConfiguration;
			buildSettings = {
				ASSETCATALOG_COMPILER_APPICON_NAME = AppIcon;
				ASSETCATALOG_COMPILER_GLOBAL_ACCENT_COLOR_NAME = AccentColor;
				CODE_SIGN_ENTITLEMENTS = ProductsApp/ProductsApp.entitlements;
				CODE_SIGN_STYLE = Automatic;
				CURRENT_PROJECT_VERSION = 1;
				GENERATE_INFOPLIST_FILE = YES;
				INFOPLIST_FILE = ProductsApp/Info.plist;
				INFOPLIST_KEY_UIApplicationSupportsIndirectInputEvents = YES;
				INFOPLIST_KEY_UILaunchStoryboardName = LaunchScreen;
				INFOPLIST_KEY_UIMainStoryboardFile = Main;
				INFOPLIST_KEY_UISupportedInterfaceOrientations_iPad = "UIInterfaceOrientationPortrait UIInterfaceOrientationPortraitUpsideDown UIInterfaceOrientationLandscapeLeft UIInterfaceOrientationLandscapeRight";
				INFOPLIST_KEY_UISupportedInterfaceOrientations_iPhone = "UIInterfaceOrientationPortrait UIInterfaceOrientationLandscapeLeft UIInterfaceOrientationLandscapeRight";
				LD_RUNPATH_SEARCH_PATHS = (
					"$(inherited)",
					"@executable_path/Frameworks",
				);
				MARKETING_VERSION = 1.0;
				PRODUCT_BUNDLE_IDENTIFIER = ITI.ProductsApp;
				PRODUCT_NAME = "$(TARGET_NAME)";
				SWIFT_EMIT_LOC_STRINGS = YES;
				SWIFT_VERSION = 5.0;
				TARGETED_DEVICE_FAMILY = "1,2";
			};
			name = Release;
		};
		2223457E2F23BE88004E63C3 /* Debug */ = {
			isa = XCBuildConfiguration;
			buildSettings = {
				ALWAYS_EMBED_SWIFT_STANDARD_LIBRARIES = YES;
				BUNDLE_LOADER = "$(TEST_HOST)";
				CODE_SIGN_STYLE = Automatic;
				CURRENT_PROJECT_VERSION = 1;
				GENERATE_INFOPLIST_FILE = YES;
				IPHONEOS_DEPLOYMENT_TARGET = 17.0;
				MARKETING_VERSION = 1.0;
				PRODUCT_BUNDLE_IDENTIFIER = ITI.ProductsAppTests;
				PRODUCT_NAME = "$(TARGET_NAME)";
				SWIFT_EMIT_LOC_STRINGS = NO;
				SWIFT_VERSION = 5.0;
				TARGETED_DEVICE_FAMILY = "1,2";
				TEST_HOST = "$(BUILT_PRODUCTS_DIR)/ProductsApp.app/$(BUNDLE_EXECUTABLE_FOLDER_PATH)/ProductsApp";
			};
			name = Debug;
		};
		2223457F2F23BE88004E63C3 /* Release */ = {
			isa = XCBuildConfiguration;
			buildSettings = {
				ALWAYS_EMBED_SWIFT_STANDARD_LIBRARIES = YES;
				BUNDLE_LOADER = "$(TEST_HOST)";
				CODE_SIGN_STYLE = Automatic;
				CURRENT_PROJECT_VERSION = 1;
				GENERATE_INFOPLIST_FILE = YES;
				IPHONEOS_DEPLOYMENT_TARGET = 17.0;
				MARKETING_VERSION = 1.0;
				PRODUCT_BUNDLE_IDENTIFIER = ITI.ProductsAppTests;
				PRODUCT_NAME = "$(TARGET_NAME)";
				SWIFT_EMIT_LOC_STRINGS = NO;
				SWIFT_VERSION = 5.0;
				TARGETED_DEVICE_FAMILY = "1,2";
				TEST_HOST = "$(BUILT_PRODUCTS_DIR)/ProductsApp.app/$(BUNDLE_EXECUTABLE_FOLDER_PATH)/ProductsApp";
			};
			name = Release;
		};
		222345812F23BE88004E63C3 /* Debug */ = {
			isa = XCBuildConfiguration;
			buildSettings = {
				ALWAYS_EMBED_SWIFT_STANDARD_LIBRARIES = YES;
				CODE_SIGN_STYLE = Automatic;
				CURRENT_PROJECT_VERSION = 1;
				GENERATE_INFOPLIST_FILE = YES;
				MARKETING_VERSION = 1.0;
				PRODUCT_BUNDLE_IDENTIFIER = ITI.ProductsAppUITests;
				PRODUCT_NAME = "$(TARGET_NAME)";
				SWIFT_EMIT_LOC_STRINGS = NO;
				SWIFT_VERSION = 5.0;
				TARGETED_DEVICE_FAMILY = "1,2";
				TEST_TARGET_NAME = ProductsApp;
			};
			name = Debug;
		};
		222345822F23BE88004E63C3 /* Release */ = {
			isa = XCBuildConfiguration;
			buildSettings = {
				ALWAYS_EMBED_SWIFT_STANDARD_LIBRARIES = YES;
				CODE_SIGN_STYLE = Automatic;
				CURRENT_PROJECT_VERSION = 1;
				GENERATE_INFOPLIST_FILE = YES;
				MARKETING_VERSION = 1.0;
				PRODUCT_BUNDLE_IDENTIFIER = ITI.ProductsAppUITests;
				PRODUCT_NAME = "$(TARGET_NAME)";
				SWIFT_EMIT_LOC_STRINGS = NO;
				SWIFT_VERSION = 5.0;
				TARGETED_DEVICE_FAMILY = "1,2";
				TEST_TARGET_NAME = ProductsApp;
			};
			name = Release;
		};
/* End XCBuildConfiguration section */

/* Begin XCConfigurationList section */
		222345472F23BE86004E63C3 /* Build configuration list for PBXProject "ProductsApp" */ = {
			isa = XCConfigurationList;
			buildConfigurations = (
				222345782F23BE88004E63C3 /* Debug */,
				222345792F23BE88004E63C3 /* Release */,
			);
			defaultConfigurationIsVisible = 0;
			defaultConfigurationName = Release;
		};
		2223457A2F23BE88004E63C3 /* Build configuration list for PBXNativeTarget "ProductsApp" */ = {
			isa = XCConfigurationList;
			buildConfigurations = (
				2223457B2F23BE88004E63C3 /* Debug */,
				2223457C2F23BE88004E63C3 /* Release */,
			);
			defaultConfigurationIsVisible = 0;
			defaultConfigurationName = Release;
		};
		2223457D2F23BE88004E63C3 /* Build configuration list for PBXNativeTarget "ProductsAppTests" */ = {
			isa = XCConfigurationList;
			buildConfigurations = (
				2223457E2F23BE88004E63C3 /* Debug */,
				2223457F2F23BE88004E63C3 /* Release */,
			);
			defaultConfigurationIsVisible = 0;
			defaultConfigurationName = Release;
		};
		222345802F23BE88004E63C3 /* Build configuration list for PBXNativeTarget "ProductsAppUITests" */ = {
			isa = XCConfigurationList;
			buildConfigurations = (
				222345812F23BE88004E63C3 /* Debug */,
				222345822F23BE88004E63C3 /* Release */,
			);
			defaultConfigurationIsVisible = 0;
			defaultConfigurationName = Release;
		};
/* End XCConfigurationList section */

/* Begin XCRemoteSwiftPackageReference section */
		22D35E512F29362500DE9E24 /* XCRemoteSwiftPackageReference "SDWebImage" */ = {
			isa = XCRemoteSwiftPackageReference;
			repositoryURL = "https://github.com/SDWebImage/SDWebImage.git";
			requirement = {
				kind = upToNextMajorVersion;
				minimumVersion = 5.21.5;
			};
		};
		22D35E592F296D8800DE9E24 /* XCRemoteSwiftPackageReference "SkeletonView" */ = {
			isa = XCRemoteSwiftPackageReference;
			repositoryURL = "https://github.com/Juanpe/SkeletonView.git";
			requirement = {
				kind = upToNextMajorVersion;
				minimumVersion = 1.31.0;
			};
		};
/* End XCRemoteSwiftPackageReference section */

/* Begin XCSwiftPackageProductDependency section */
		22D35E522F29362500DE9E24 /* SDWebImage */ = {
			isa = XCSwiftPackageProductDependency;
			package = 22D35E512F29362500DE9E24 /* XCRemoteSwiftPackageReference "SDWebImage" */;
			productName = SDWebImage;
		};
		22D35E542F29362500DE9E24 /* SDWebImageMapKit */ = {
			isa = XCSwiftPackageProductDependency;
			package = 22D35E512F29362500DE9E24 /* XCRemoteSwiftPackageReference "SDWebImage" */;
			productName = SDWebImageMapKit;
		};
		22D35E5A2F296D8800DE9E24 /* SkeletonView */ = {
			isa = XCSwiftPackageProductDependency;
			package = 22D35E592F296D8800DE9E24 /* XCRemoteSwiftPackageReference "SkeletonView" */;
			productName = SkeletonView;
		};
/* End XCSwiftPackageProductDependency section */

/* Begin XCVersionGroup section */
		222345582F23BE86004E63C3 /* ProductsApp.xcdatamodeld */ = {
			isa = XCVersionGroup;
			children = (
				222345592F23BE86004E63C3 /* ProductsApp.xcdatamodel */,
			);
			currentVersion = 222345592F23BE86004E63C3 /* ProductsApp.xcdatamodel */;
			path = ProductsApp.xcdatamodeld;
			sourceTree = "<group>";
			versionGroupType = wrapper.xcdatamodel;
		};
/* End XCVersionGroup section */
	};
	rootObject = 222345442F23BE86004E63C3 /* Project object */;
}
